
Microsoft Visual Studio Solution File, Format Version 12.00
# Visual Studio Version 16
VisualStudioVersion = 16.0.31005.135
MinimumVisualStudioVersion = 10.0.40219.1
Project("{FAE04EC0-301F-11D3-BF4B-00C04F79EFBC}") = "day6_p1", "day6_p1.csproj", "{953E6434-8476-4F8C-9BEF-E450551A2EE2}"
EndProject
Global
	GlobalSection(SolutionConfigurationPlatforms) = preSolution
		Debug|Any CPU = Debug|Any CPU
		Release|Any CPU = Release|Any CPU
	EndGlobalSection
	GlobalSection(ProjectConfigurationPlatforms) = postSolution
		{953E6434-8476-4F8C-9BEF-E450551A2EE2}.Debug|Any CPU.ActiveCfg = Debug|Any CPU
		{953E6434-8476-4F8C-9BEF-E450551A2EE2}.Debug|Any CPU.Build.0 = Debug|Any CPU
		{953E6434-8476-4F8C-9BEF-E450551A2EE2}.Release|Any CPU.ActiveCfg = Release|Any CPU
		{953E6434-8476-4F8C-9BEF-E450551A2EE2}.Release|Any CPU.Build.0 = Release|Any CPU
	EndGlobalSection
	GlobalSection(SolutionProperties) = preSolution
		HideSolutionNode = FALSE
	EndGlobalSection
	GlobalSection(ExtensibilityGlobals) = postSolution
		SolutionGuid = {994D78FE-2355-40BB-8428-07E676D26508}
	EndGlobalSection
EndGlobal
